// !$*UTF8*$!
{
	archiveVersion = 1;
	classes = {
	};
	objectVersion = 56;
	objects = {

/* Begin PBXBuildFile section */
		EB9E49A82C2CC83A004EB915 /* DesserveApp.swift in Sources */ = {isa = PBXBuildFile; fileRef = EB9E49A72C2CC83A004EB915 /* DesserveApp.swift */; };
		EB9E49AA2C2CC83A004EB915 /* ContentView.swift in Sources */ = {isa = PBXBuildFile; fileRef = EB9E49A92C2CC83A004EB915 /* ContentView.swift */; };
		EB9E49AC2C2CC83C004EB915 /* Assets.xcassets in Resources */ = {isa = PBXBuildFile; fileRef = EB9E49AB2C2CC83C004EB915 /* Assets.xcassets */; };
		EB9E49AF2C2CC83C004EB915 /* Preview Assets.xcassets in Resources */ = {isa = PBXBuildFile; fileRef = EB9E49AE2C2CC83C004EB915 /* Preview Assets.xcassets */; };
		EB9E49B62C2CC8F0004EB915 /* DessertModel.swift in Sources */ = {isa = PBXBuildFile; fileRef = EB9E49B52C2CC8F0004EB915 /* DessertModel.swift */; };
		EB9E49B82C2CC980004EB915 /* DessertRowView.swift in Sources */ = {isa = PBXBuildFile; fileRef = EB9E49B72C2CC980004EB915 /* DessertRowView.swift */; };
		EB9E49BA2C2CC996004EB915 /* DessertDetailView.swift in Sources */ = {isa = PBXBuildFile; fileRef = EB9E49B92C2CC996004EB915 /* DessertDetailView.swift */; };
		EB9E4A052C2CF0D4004EB915 /* Poppins-ExtraLight.ttf in Resources */ = {isa = PBXBuildFile; fileRef = EB9E49F22C2CF0D4004EB915 /* Poppins-ExtraLight.ttf */; };
		EB9E4A062C2CF0D4004EB915 /* Poppins-ThinItalic.ttf in Resources */ = {isa = PBXBuildFile; fileRef = EB9E49F32C2CF0D4004EB915 /* Poppins-ThinItalic.ttf */; };
		EB9E4A072C2CF0D4004EB915 /* Poppins-ExtraLightItalic.ttf in Resources */ = {isa = PBXBuildFile; fileRef = EB9E49F42C2CF0D4004EB915 /* Poppins-ExtraLightItalic.ttf */; };
		EB9E4A082C2CF0D4004EB915 /* Poppins-BoldItalic.ttf in Resources */ = {isa = PBXBuildFile; fileRef = EB9E49F52C2CF0D4004EB915 /* Poppins-BoldItalic.ttf */; };
		EB9E4A092C2CF0D4004EB915 /* Poppins-Light.ttf in Resources */ = {isa = PBXBuildFile; fileRef = EB9E49F62C2CF0D4004EB915 /* Poppins-Light.ttf */; };
		EB9E4A0A2C2CF0D4004EB915 /* Poppins-Medium.ttf in Resources */ = {isa = PBXBuildFile; fileRef = EB9E49F72C2CF0D4004EB915 /* Poppins-Medium.ttf */; };
		EB9E4A0B2C2CF0D4004EB915 /* Poppins-SemiBoldItalic.ttf in Resources */ = {isa = PBXBuildFile; fileRef = EB9E49F82C2CF0D4004EB915 /* Poppins-SemiBoldItalic.ttf */; };
		EB9E4A0C2C2CF0D4004EB915 /* Poppins-ExtraBoldItalic.ttf in Resources */ = {isa = PBXBuildFile; fileRef = EB9E49F92C2CF0D4004EB915 /* Poppins-ExtraBoldItalic.ttf */; };
		EB9E4A0D2C2CF0D4004EB915 /* Poppins-ExtraBold.ttf in Resources */ = {isa = PBXBuildFile; fileRef = EB9E49FA2C2CF0D4004EB915 /* Poppins-ExtraBold.ttf */; };
		EB9E4A0E2C2CF0D4004EB915 /* Poppins-BlackItalic.ttf in Resources */ = {isa = PBXBuildFile; fileRef = EB9E49FB2C2CF0D4004EB915 /* Poppins-BlackItalic.ttf */; };
		EB9E4A0F2C2CF0D4004EB915 /* OFL.txt in Resources */ = {isa = PBXBuildFile; fileRef = EB9E49FC2C2CF0D4004EB915 /* OFL.txt */; };
		EB9E4A102C2CF0D4004EB915 /* Poppins-Regular.ttf in Resources */ = {isa = PBXBuildFile; fileRef = EB9E49FD2C2CF0D4004EB915 /* Poppins-Regular.ttf */; };
		EB9E4A112C2CF0D4004EB915 /* Poppins-LightItalic.ttf in Resources */ = {isa = PBXBuildFile; fileRef = EB9E49FE2C2CF0D4004EB915 /* Poppins-LightItalic.ttf */; };
		EB9E4A122C2CF0D4004EB915 /* Poppins-Bold.ttf in Resources */ = {isa = PBXBuildFile; fileRef = EB9E49FF2C2CF0D4004EB915 /* Poppins-Bold.ttf */; };
		EB9E4A132C2CF0D4004EB915 /* Poppins-Black.ttf in Resources */ = {isa = PBXBuildFile; fileRef = EB9E4A002C2CF0D4004EB915 /* Poppins-Black.ttf */; };
		EB9E4A142C2CF0D4004EB915 /* Poppins-Thin.ttf in Resources */ = {isa = PBXBuildFile; fileRef = EB9E4A012C2CF0D4004EB915 /* Poppins-Thin.ttf */; };
		EB9E4A152C2CF0D4004EB915 /* Poppins-SemiBold.ttf in Resources */ = {isa = PBXBuildFile; fileRef = EB9E4A022C2CF0D4004EB915 /* Poppins-SemiBold.ttf */; };
		EB9E4A162C2CF0D4004EB915 /* Poppins-Italic.ttf in Resources */ = {isa = PBXBuildFile; fileRef = EB9E4A032C2CF0D4004EB915 /* Poppins-Italic.ttf */; };
		EB9E4A172C2CF0D4004EB915 /* Poppins-MediumItalic.ttf in Resources */ = {isa = PBXBuildFile; fileRef = EB9E4A042C2CF0D4004EB915 /* Poppins-MediumItalic.ttf */; };
		EB9E4A192C2CFDD2004EB915 /* DessertService.swift in Sources */ = {isa = PBXBuildFile; fileRef = EB9E4A182C2CFDD2004EB915 /* DessertService.swift */; };
/* End PBXBuildFile section */

/* Begin PBXFileReference section */
		EB9E49A42C2CC83A004EB915 /* Desserve.app */ = {isa = PBXFileReference; explicitFileType = wrapper.application; includeInIndex = 0; path = Desserve.app; sourceTree = BUILT_PRODUCTS_DIR; };
		EB9E49A72C2CC83A004EB915 /* DesserveApp.swift */ = {isa = PBXFileReference; lastKnownFileType = sourcecode.swift; path = DesserveApp.swift; sourceTree = "<group>"; };
		EB9E49A92C2CC83A004EB915 /* ContentView.swift */ = {isa = PBXFileReference; lastKnownFileType = sourcecode.swift; path = ContentView.swift; sourceTree = "<group>"; };
		EB9E49AB2C2CC83C004EB915 /* Assets.xcassets */ = {isa = PBXFileReference; lastKnownFileType = folder.assetcatalog; path = Assets.xcassets; sourceTree = "<group>"; };
		EB9E49AE2C2CC83C004EB915 /* Preview Assets.xcassets */ = {isa = PBXFileReference; lastKnownFileType = folder.assetcatalog; path = "Preview Assets.xcassets"; sourceTree = "<group>"; };
		EB9E49B52C2CC8F0004EB915 /* DessertModel.swift */ = {isa = PBXFileReference; lastKnownFileType = sourcecode.swift; path = DessertModel.swift; sourceTree = "<group>"; };
		EB9E49B72C2CC980004EB915 /* DessertRowView.swift */ = {isa = PBXFileReference; lastKnownFileType = sourcecode.swift; path = DessertRowView.swift; sourceTree = "<group>"; };
		EB9E49B92C2CC996004EB915 /* DessertDetailView.swift */ = {isa = PBXFileReference; lastKnownFileType = sourcecode.swift; path = DessertDetailView.swift; sourceTree = "<group>"; };
		EB9E49D62C2CD485004EB915 /* Info.plist */ = {isa = PBXFileReference; lastKnownFileType = text.plist; path = Info.plist; sourceTree = "<group>"; };
		EB9E49F22C2CF0D4004EB915 /* Poppins-ExtraLight.ttf */ = {isa = PBXFileReference; lastKnownFileType = file; path = "Poppins-ExtraLight.ttf"; sourceTree = "<group>"; };
		EB9E49F32C2CF0D4004EB915 /* Poppins-ThinItalic.ttf */ = {isa = PBXFileReference; lastKnownFileType = file; path = "Poppins-ThinItalic.ttf"; sourceTree = "<group>"; };
		EB9E49F42C2CF0D4004EB915 /* Poppins-ExtraLightItalic.ttf */ = {isa = PBXFileReference; lastKnownFileType = file; path = "Poppins-ExtraLightItalic.ttf"; sourceTree = "<group>"; };
		EB9E49F52C2CF0D4004EB915 /* Poppins-BoldItalic.ttf */ = {isa = PBXFileReference; lastKnownFileType = file; path = "Poppins-BoldItalic.ttf"; sourceTree = "<group>"; };
		EB9E49F62C2CF0D4004EB915 /* Poppins-Light.ttf */ = {isa = PBXFileReference; lastKnownFileType = file; path = "Poppins-Light.ttf"; sourceTree = "<group>"; };
		EB9E49F72C2CF0D4004EB915 /* Poppins-Medium.ttf */ = {isa = PBXFileReference; lastKnownFileType = file; path = "Poppins-Medium.ttf"; sourceTree = "<group>"; };
		EB9E49F82C2CF0D4004EB915 /* Poppins-SemiBoldItalic.ttf */ = {isa = PBXFileReference; lastKnownFileType = file; path = "Poppins-SemiBoldItalic.ttf"; sourceTree = "<group>"; };
		EB9E49F92C2CF0D4004EB915 /* Poppins-ExtraBoldItalic.ttf */ = {isa = PBXFileReference; lastKnownFileType = file; path = "Poppins-ExtraBoldItalic.ttf"; sourceTree = "<group>"; };
		EB9E49FA2C2CF0D4004EB915 /* Poppins-ExtraBold.ttf */ = {isa = PBXFileReference; lastKnownFileType = file; path = "Poppins-ExtraBold.ttf"; sourceTree = "<group>"; };
		EB9E49FB2C2CF0D4004EB915 /* Poppins-BlackItalic.ttf */ = {isa = PBXFileReference; lastKnownFileType = file; path = "Poppins-BlackItalic.ttf"; sourceTree = "<group>"; };
		EB9E49FC2C2CF0D4004EB915 /* OFL.txt */ = {isa = PBXFileReference; fileEncoding = 4; lastKnownFileType = text; path = OFL.txt; sourceTree = "<group>"; };
		EB9E49FD2C2CF0D4004EB915 /* Poppins-Regular.ttf */ = {isa = PBXFileReference; lastKnownFileType = file; path = "Poppins-Regular.ttf"; sourceTree = "<group>"; };
		EB9E49FE2C2CF0D4004EB915 /* Poppins-LightItalic.ttf */ = {isa = PBXFileReference; lastKnownFileType = file; path = "Poppins-LightItalic.ttf"; sourceTree = "<group>"; };
		EB9E49FF2C2CF0D4004EB915 /* Poppins-Bold.ttf */ = {isa = PBXFileReference; lastKnownFileType = file; path = "Poppins-Bold.ttf"; sourceTree = "<group>"; };
		EB9E4A002C2CF0D4004EB915 /* Poppins-Black.ttf */ = {isa = PBXFileReference; lastKnownFileType = file; path = "Poppins-Black.ttf"; sourceTree = "<group>"; };
		EB9E4A012C2CF0D4004EB915 /* Poppins-Thin.ttf */ = {isa = PBXFileReference; lastKnownFileType = file; path = "Poppins-Thin.ttf"; sourceTree = "<group>"; };
		EB9E4A022C2CF0D4004EB915 /* Poppins-SemiBold.ttf */ = {isa = PBXFileReference; lastKnownFileType = file; path = "Poppins-SemiBold.ttf"; sourceTree = "<group>"; };
		EB9E4A032C2CF0D4004EB915 /* Poppins-Italic.ttf */ = {isa = PBXFileReference; lastKnownFileType = file; path = "Poppins-Italic.ttf"; sourceTree = "<group>"; };
		EB9E4A042C2CF0D4004EB915 /* Poppins-MediumItalic.ttf */ = {isa = PBXFileReference; lastKnownFileType = file; path = "Poppins-MediumItalic.ttf"; sourceTree = "<group>"; };
		EB9E4A182C2CFDD2004EB915 /* DessertService.swift */ = {isa = PBXFileReference; lastKnownFileType = sourcecode.swift; path = DessertService.swift; sourceTree = "<group>"; };
/* End PBXFileReference section */

/* Begin PBXFrameworksBuildPhase section */
		EB9E49A12C2CC83A004EB915 /* Frameworks */ = {
			isa = PBXFrameworksBuildPhase;
			buildActionMask = 2147483647;
			files = (
			);
			runOnlyForDeploymentPostprocessing = 0;
		};
/* End PBXFrameworksBuildPhase section */

/* Begin PBXGroup section */
		EB9E499B2C2CC83A004EB915 = {
			isa = PBXGroup;
			children = (
				EB9E49A62C2CC83A004EB915 /* Desserve */,
				EB9E49A52C2CC83A004EB915 /* Products */,
			);
			sourceTree = "<group>";
		};
		EB9E49A52C2CC83A004EB915 /* Products */ = {
			isa = PBXGroup;
			children = (
				EB9E49A42C2CC83A004EB915 /* Desserve.app */,
			);
			name = Products;
			sourceTree = "<group>";
		};
		EB9E49A62C2CC83A004EB915 /* Desserve */ = {
			isa = PBXGroup;
			children = (
				EB9E49D62C2CD485004EB915 /* Info.plist */,
				EB9E49A72C2CC83A004EB915 /* DesserveApp.swift */,
				EB9E49A92C2CC83A004EB915 /* ContentView.swift */,
				EB9E49B72C2CC980004EB915 /* DessertRowView.swift */,
				EB9E49B92C2CC996004EB915 /* DessertDetailView.swift */,
				EB9E49B52C2CC8F0004EB915 /* DessertModel.swift */,
				EB9E4A182C2CFDD2004EB915 /* DessertService.swift */,
				EB9E49AB2C2CC83C004EB915 /* Assets.xcassets */,
				EB9E49AD2C2CC83C004EB915 /* Preview Content */,
			);
			path = Desserve;
			sourceTree = "<group>";
		};
		EB9E49AD2C2CC83C004EB915 /* Preview Content */ = {
			isa = PBXGroup;
			children = (
				EB9E49F12C2CF0D4004EB915 /* Poppins */,
				EB9E49AE2C2CC83C004EB915 /* Preview Assets.xcassets */,
			);
			path = "Preview Content";
			sourceTree = "<group>";
		};
		EB9E49F12C2CF0D4004EB915 /* Poppins */ = {
			isa = PBXGroup;
			children = (
				EB9E49F22C2CF0D4004EB915 /* Poppins-ExtraLight.ttf */,
				EB9E49F32C2CF0D4004EB915 /* Poppins-ThinItalic.ttf */,
				EB9E49F42C2CF0D4004EB915 /* Poppins-ExtraLightItalic.ttf */,
				EB9E49F52C2CF0D4004EB915 /* Poppins-BoldItalic.ttf */,
				EB9E49F62C2CF0D4004EB915 /* Poppins-Light.ttf */,
				EB9E49F72C2CF0D4004EB915 /* Poppins-Medium.ttf */,
				EB9E49F82C2CF0D4004EB915 /* Poppins-SemiBoldItalic.ttf */,
				EB9E49F92C2CF0D4004EB915 /* Poppins-ExtraBoldItalic.ttf */,
				EB9E49FA2C2CF0D4004EB915 /* Poppins-ExtraBold.ttf */,
				EB9E49FB2C2CF0D4004EB915 /* Poppins-BlackItalic.ttf */,
				EB9E49FC2C2CF0D4004EB915 /* OFL.txt */,
				EB9E49FD2C2CF0D4004EB915 /* Poppins-Regular.ttf */,
				EB9E49FE2C2CF0D4004EB915 /* Poppins-LightItalic.ttf */,
				EB9E49FF2C2CF0D4004EB915 /* Poppins-Bold.ttf */,
				EB9E4A002C2CF0D4004EB915 /* Poppins-Black.ttf */,
				EB9E4A012C2CF0D4004EB915 /* Poppins-Thin.ttf */,
				EB9E4A022C2CF0D4004EB915 /* Poppins-SemiBold.ttf */,
				EB9E4A032C2CF0D4004EB915 /* Poppins-Italic.ttf */,
				EB9E4A042C2CF0D4004EB915 /* Poppins-MediumItalic.ttf */,
			);
			path = Poppins;
			sourceTree = "<group>";
		};
/* End PBXGroup section */

/* Begin PBXNativeTarget section */
		EB9E49A32C2CC83A004EB915 /* Desserve */ = {
			isa = PBXNativeTarget;
			buildConfigurationList = EB9E49B22C2CC83C004EB915 /* Build configuration list for PBXNativeTarget "Desserve" */;
			buildPhases = (
				EB9E49A02C2CC83A004EB915 /* Sources */,
				EB9E49A12C2CC83A004EB915 /* Frameworks */,
				EB9E49A22C2CC83A004EB915 /* Resources */,
			);
			buildRules = (
			);
			dependencies = (
			);
			name = Desserve;
			productName = Desserve;
			productReference = EB9E49A42C2CC83A004EB915 /* Desserve.app */;
			productType = "com.apple.product-type.application";
		};
/* End PBXNativeTarget section */

/* Begin PBXProject section */
		EB9E499C2C2CC83A004EB915 /* Project object */ = {
			isa = PBXProject;
			attributes = {
				BuildIndependentTargetsInParallel = 1;
				LastSwiftUpdateCheck = 1520;
				LastUpgradeCheck = 1520;
				TargetAttributes = {
					EB9E49A32C2CC83A004EB915 = {
						CreatedOnToolsVersion = 15.2;
					};
				};
			};
			buildConfigurationList = EB9E499F2C2CC83A004EB915 /* Build configuration list for PBXProject "Desserve" */;
			compatibilityVersion = "Xcode 14.0";
			developmentRegion = en;
			hasScannedForEncodings = 0;
			knownRegions = (
				en,
				Base,
			);
			mainGroup = EB9E499B2C2CC83A004EB915;
			productRefGroup = EB9E49A52C2CC83A004EB915 /* Products */;
			projectDirPath = "";
			projectRoot = "";
			targets = (
				EB9E49A32C2CC83A004EB915 /* Desserve */,
			);
		};
/* End PBXProject section */

/* Begin PBXResourcesBuildPhase section */
		EB9E49A22C2CC83A004EB915 /* Resources */ = {
			isa = PBXResourcesBuildPhase;
			buildActionMask = 2147483647;
			files = (
				EB9E4A092C2CF0D4004EB915 /* Poppins-Light.ttf in Resources */,
				EB9E4A132C2CF0D4004EB915 /* Poppins-Black.ttf in Resources */,
				EB9E4A112C2CF0D4004EB915 /* Poppins-LightItalic.ttf in Resources */,
				EB9E4A142C2CF0D4004EB915 /* Poppins-Thin.ttf in Resources */,
				EB9E4A052C2CF0D4004EB915 /* Poppins-ExtraLight.ttf in Resources */,
				EB9E4A152C2CF0D4004EB915 /* Poppins-SemiBold.ttf in Resources */,
				EB9E4A122C2CF0D4004EB915 /* Poppins-Bold.ttf in Resources */,
				EB9E4A062C2CF0D4004EB915 /* Poppins-ThinItalic.ttf in Resources */,
				EB9E4A072C2CF0D4004EB915 /* Poppins-ExtraLightItalic.ttf in Resources */,
				EB9E4A0E2C2CF0D4004EB915 /* Poppins-BlackItalic.ttf in Resources */,
				EB9E4A0C2C2CF0D4004EB915 /* Poppins-ExtraBoldItalic.ttf in Resources */,
				EB9E4A082C2CF0D4004EB915 /* Poppins-BoldItalic.ttf in Resources */,
				EB9E4A0B2C2CF0D4004EB915 /* Poppins-SemiBoldItalic.ttf in Resources */,
				EB9E4A0F2C2CF0D4004EB915 /* OFL.txt in Resources */,
				EB9E4A102C2CF0D4004EB915 /* Poppins-Regular.ttf in Resources */,
				EB9E4A0D2C2CF0D4004EB915 /* Poppins-ExtraBold.ttf in Resources */,
				EB9E4A0A2C2CF0D4004EB915 /* Poppins-Medium.ttf in Resources */,
				EB9E49AF2C2CC83C004EB915 /* Preview Assets.xcassets in Resources */,
				EB9E4A162C2CF0D4004EB915 /* Poppins-Italic.ttf in Resources */,
				EB9E4A172C2CF0D4004EB915 /* Poppins-MediumItalic.ttf in Resources */,
				EB9E49AC2C2CC83C004EB915 /* Assets.xcassets in Resources */,
			);
			runOnlyForDeploymentPostprocessing = 0;
		};
/* End PBXResourcesBuildPhase section */

/* Begin PBXSourcesBuildPhase section */
		EB9E49A02C2CC83A004EB915 /* Sources */ = {
			isa = PBXSourcesBuildPhase;
			buildActionMask = 2147483647;
			files = (
				EB9E4A192C2CFDD2004EB915 /* DessertService.swift in Sources */,
				EB9E49AA2C2CC83A004EB915 /* ContentView.swift in Sources */,
				EB9E49A82C2CC83A004EB915 /* DesserveApp.swift in Sources */,
				EB9E49BA2C2CC996004EB915 /* DessertDetailView.swift in Sources */,
				EB9E49B62C2CC8F0004EB915 /* DessertModel.swift in Sources */,
				EB9E49B82C2CC980004EB915 /* DessertRowView.swift in Sources */,
			);
			runOnlyForDeploymentPostprocessing = 0;
		};
/* End PBXSourcesBuildPhase section */

/* Begin XCBuildConfiguration section */
		EB9E49B02C2CC83C004EB915 /* Debug */ = {
			isa = XCBuildConfiguration;
			buildSettings = {
				ALWAYS_SEARCH_USER_PATHS = NO;
				ASSETCATALOG_COMPILER_GENERATE_SWIFT_ASSET_SYMBOL_EXTENSIONS = YES;
				CLANG_ANALYZER_NONNULL = YES;
				CLANG_ANALYZER_NUMBER_OBJECT_CONVERSION = YES_AGGRESSIVE;
				CLANG_CXX_LANGUAGE_STANDARD = "gnu++20";
				CLANG_ENABLE_MODULES = YES;
				CLANG_ENABLE_OBJC_ARC = YES;
				CLANG_ENABLE_OBJC_WEAK = YES;
				CLANG_WARN_BLOCK_CAPTURE_AUTORELEASING = YES;
				CLANG_WARN_BOOL_CONVERSION = YES;
				CLANG_WARN_COMMA = YES;
				CLANG_WARN_CONSTANT_CONVERSION = YES;
				CLANG_WARN_DEPRECATED_OBJC_IMPLEMENTATIONS = YES;
				CLANG_WARN_DIRECT_OBJC_ISA_USAGE = YES_ERROR;
				CLANG_WARN_DOCUMENTATION_COMMENTS = YES;
				CLANG_WARN_EMPTY_BODY = YES;
				CLANG_WARN_ENUM_CONVERSION = YES;
				CLANG_WARN_INFINITE_RECURSION = YES;
				CLANG_WARN_INT_CONVERSION = YES;
				CLANG_WARN_NON_LITERAL_NULL_CONVERSION = YES;
				CLANG_WARN_OBJC_IMPLICIT_RETAIN_SELF = YES;
				CLANG_WARN_OBJC_LITERAL_CONVERSION = YES;
				CLANG_WARN_OBJC_ROOT_CLASS = YES_ERROR;
				CLANG_WARN_QUOTED_INCLUDE_IN_FRAMEWORK_HEADER = YES;
				CLANG_WARN_RANGE_LOOP_ANALYSIS = YES;
				CLANG_WARN_STRICT_PROTOTYPES = YES;
				CLANG_WARN_SUSPICIOUS_MOVE = YES;
				CLANG_WARN_UNGUARDED_AVAILABILITY = YES_AGGRESSIVE;
				CLANG_WARN_UNREACHABLE_CODE = YES;
				CLANG_WARN__DUPLICATE_METHOD_MATCH = YES;
				COPY_PHASE_STRIP = NO;
				DEBUG_INFORMATION_FORMAT = dwarf;
				ENABLE_STRICT_OBJC_MSGSEND = YES;
				ENABLE_TESTABILITY = YES;
				ENABLE_USER_SCRIPT_SANDBOXING = YES;
				GCC_C_LANGUAGE_STANDARD = gnu17;
				GCC_DYNAMIC_NO_PIC = NO;
				GCC_NO_COMMON_BLOCKS = YES;
				GCC_OPTIMIZATION_LEVEL = 0;
				GCC_PREPROCESSOR_DEFINITIONS = (
					"DEBUG=1",
					"$(inherited)",
				);
				GCC_WARN_64_TO_32_BIT_CONVERSION = YES;
				GCC_WARN_ABOUT_RETURN_TYPE = YES_ERROR;
				GCC_WARN_UNDECLARED_SELECTOR = YES;
				GCC_WARN_UNINITIALIZED_AUTOS = YES_AGGRESSIVE;
				GCC_WARN_UNUSED_FUNCTION = YES;
				GCC_WARN_UNUSED_VARIABLE = YES;
				IPHONEOS_DEPLOYMENT_TARGET = 17.2;
				LOCALIZATION_PREFERS_STRING_CATALOGS = YES;
				MTL_ENABLE_DEBUG_INFO = INCLUDE_SOURCE;
				MTL_FAST_MATH = YES;
				ONLY_ACTIVE_ARCH = YES;
				SDKROOT = iphoneos;
				SWIFT_ACTIVE_COMPILATION_CONDITIONS = "DEBUG $(inherited)";
				SWIFT_OPTIMIZATION_LEVEL = "-Onone";
			};
			name = Debug;
		};
		EB9E49B12C2CC83C004EB915 /* Release */ = {
			isa = XCBuildConfiguration;
			buildSettings = {
				ALWAYS_SEARCH_USER_PATHS = NO;
				ASSETCATALOG_COMPILER_GENERATE_SWIFT_ASSET_SYMBOL_EXTENSIONS = YES;
				CLANG_ANALYZER_NONNULL = YES;
				CLANG_ANALYZER_NUMBER_OBJECT_CONVERSION = YES_AGGRESSIVE;
				CLANG_CXX_LANGUAGE_STANDARD = "gnu++20";
				CLANG_ENABLE_MODULES = YES;
				CLANG_ENABLE_OBJC_ARC = YES;
				CLANG_ENABLE_OBJC_WEAK = YES;
				CLANG_WARN_BLOCK_CAPTURE_AUTORELEASING = YES;
				CLANG_WARN_BOOL_CONVERSION = YES;
				CLANG_WARN_COMMA = YES;
				CLANG_WARN_CONSTANT_CONVERSION = YES;
				CLANG_WARN_DEPRECATED_OBJC_IMPLEMENTATIONS = YES;
				CLANG_WARN_DIRECT_OBJC_ISA_USAGE = YES_ERROR;
				CLANG_WARN_DOCUMENTATION_COMMENTS = YES;
				CLANG_WARN_EMPTY_BODY = YES;
				CLANG_WARN_ENUM_CONVERSION = YES;
				CLANG_WARN_INFINITE_RECURSION = YES;
				CLANG_WARN_INT_CONVERSION = YES;
				CLANG_WARN_NON_LITERAL_NULL_CONVERSION = YES;
				CLANG_WARN_OBJC_IMPLICIT_RETAIN_SELF = YES;
				CLANG_WARN_OBJC_LITERAL_CONVERSION = YES;
				CLANG_WARN_OBJC_ROOT_CLASS = YES_ERROR;
				CLANG_WARN_QUOTED_INCLUDE_IN_FRAMEWORK_HEADER = YES;
				CLANG_WARN_RANGE_LOOP_ANALYSIS = YES;
				CLANG_WARN_STRICT_PROTOTYPES = YES;
				CLANG_WARN_SUSPICIOUS_MOVE = YES;
				CLANG_WARN_UNGUARDED_AVAILABILITY = YES_AGGRESSIVE;
				CLANG_WARN_UNREACHABLE_CODE = YES;
				CLANG_WARN__DUPLICATE_METHOD_MATCH = YES;
				COPY_PHASE_STRIP = NO;
				DEBUG_INFORMATION_FORMAT = "dwarf-with-dsym";
				ENABLE_NS_ASSERTIONS = NO;
				ENABLE_STRICT_OBJC_MSGSEND = YES;
				ENABLE_USER_SCRIPT_SANDBOXING = YES;
				GCC_C_LANGUAGE_STANDARD = gnu17;
				GCC_NO_COMMON_BLOCKS = YES;
				GCC_WARN_64_TO_32_BIT_CONVERSION = YES;
				GCC_WARN_ABOUT_RETURN_TYPE = YES_ERROR;
				GCC_WARN_UNDECLARED_SELECTOR = YES;
				GCC_WARN_UNINITIALIZED_AUTOS = YES_AGGRESSIVE;
				GCC_WARN_UNUSED_FUNCTION = YES;
				GCC_WARN_UNUSED_VARIABLE = YES;
				IPHONEOS_DEPLOYMENT_TARGET = 17.2;
				LOCALIZATION_PREFERS_STRING_CATALOGS = YES;
				MTL_ENABLE_DEBUG_INFO = NO;
				MTL_FAST_MATH = YES;
				SDKROOT = iphoneos;
				SWIFT_COMPILATION_MODE = wholemodule;
				VALIDATE_PRODUCT = YES;
			};
			name = Release;
		};
		EB9E49B32C2CC83C004EB915 /* Debug */ = {
			isa = XCBuildConfiguration;
			buildSettings = {
				ASSETCATALOG_COMPILER_APPICON_NAME = AppIcon;
				ASSETCATALOG_COMPILER_GLOBAL_ACCENT_COLOR_NAME = AccentColor;
				CODE_SIGN_STYLE = Automatic;
				CURRENT_PROJECT_VERSION = 1;
				DEVELOPMENT_ASSET_PATHS = "\"Desserve/Preview Content\"";
				DEVELOPMENT_TEAM = 47ARCK7GMK;
				ENABLE_PREVIEWS = YES;
				GENERATE_INFOPLIST_FILE = YES;
				INFOPLIST_FILE = Desserve/Info.plist;
				INFOPLIST_KEY_UIApplicationSceneManifest_Generation = YES;
				INFOPLIST_KEY_UIApplicationSupportsIndirectInputEvents = YES;
				INFOPLIST_KEY_UILaunchScreen_Generation = YES;
				INFOPLIST_KEY_UISupportedInterfaceOrientations_iPad = "UIInterfaceOrientationPortrait UIInterfaceOrientationPortraitUpsideDown UIInterfaceOrientationLandscapeLeft UIInterfaceOrientationLandscapeRight";
				INFOPLIST_KEY_UISupportedInterfaceOrientations_iPhone = "UIInterfaceOrientationPortrait UIInterfaceOrientationLandscapeLeft UIInterfaceOrientationLandscapeRight";
				LD_RUNPATH_SEARCH_PATHS = (
					"$(inherited)",
					"@executable_path/Frameworks",
				);
				MARKETING_VERSION = 1.0;
				PRODUCT_BUNDLE_IDENTIFIER = com.scook.Desserve;
				PRODUCT_NAME = "$(TARGET_NAME)";
				SWIFT_EMIT_LOC_STRINGS = YES;
				SWIFT_VERSION = 5.0;
				TARGETED_DEVICE_FAMILY = "1,2";
			};
			name = Debug;
		};
		EB9E49B42C2CC83C004EB915 /* Release */ = {
			isa = XCBuildConfiguration;
			buildSettings = {
				ASSETCATALOG_COMPILER_APPICON_NAME = AppIcon;
				ASSETCATALOG_COMPILER_GLOBAL_ACCENT_COLOR_NAME = AccentColor;
				CODE_SIGN_STYLE = Automatic;
				CURRENT_PROJECT_VERSION = 1;
				DEVELOPMENT_ASSET_PATHS = "\"Desserve/Preview Content\"";
				DEVELOPMENT_TEAM = 47ARCK7GMK;
				ENABLE_PREVIEWS = YES;
				GENERATE_INFOPLIST_FILE = YES;
				INFOPLIST_FILE = Desserve/Info.plist;
				INFOPLIST_KEY_UIApplicationSceneManifest_Generation = YES;
				INFOPLIST_KEY_UIApplicationSupportsIndirectInputEvents = YES;
				INFOPLIST_KEY_UILaunchScreen_Generation = YES;
				INFOPLIST_KEY_UISupportedInterfaceOrientations_iPad = "UIInterfaceOrientationPortrait UIInterfaceOrientationPortraitUpsideDown UIInterfaceOrientationLandscapeLeft UIInterfaceOrientationLandscapeRight";
				INFOPLIST_KEY_UISupportedInterfaceOrientations_iPhone = "UIInterfaceOrientationPortrait UIInterfaceOrientationLandscapeLeft UIInterfaceOrientationLandscapeRight";
				LD_RUNPATH_SEARCH_PATHS = (
					"$(inherited)",
					"@executable_path/Frameworks",
				);
				MARKETING_VERSION = 1.0;
				PRODUCT_BUNDLE_IDENTIFIER = com.scook.Desserve;
				PRODUCT_NAME = "$(TARGET_NAME)";
				SWIFT_EMIT_LOC_STRINGS = YES;
				SWIFT_VERSION = 5.0;
				TARGETED_DEVICE_FAMILY = "1,2";
			};
			name = Release;
		};
/* End XCBuildConfiguration section */

/* Begin XCConfigurationList section */
		EB9E499F2C2CC83A004EB915 /* Build configuration list for PBXProject "Desserve" */ = {
			isa = XCConfigurationList;
			buildConfigurations = (
				EB9E49B02C2CC83C004EB915 /* Debug */,
				EB9E49B12C2CC83C004EB915 /* Release */,
			);
			defaultConfigurationIsVisible = 0;
			defaultConfigurationName = Release;
		};
		EB9E49B22C2CC83C004EB915 /* Build configuration list for PBXNativeTarget "Desserve" */ = {
			isa = XCConfigurationList;
			buildConfigurations = (
				EB9E49B32C2CC83C004EB915 /* Debug */,
				EB9E49B42C2CC83C004EB915 /* Release */,
			);
			defaultConfigurationIsVisible = 0;
			defaultConfigurationName = Release;
		};
/* End XCConfigurationList section */
	};
	rootObject = EB9E499C2C2CC83A004EB915 /* Project object */;
}
